
Microsoft Visual Studio Solution File, Format Version 12.00
Project("{FAE04EC0-301F-11D3-BF4B-00C04F79EFBC}") = "WorkoutShuffle", "WorkoutShuffle\WorkoutShuffle.csproj", "{57122223-6051-4681-884D-AA4216C39F64}"
EndProject
Project("{FAE04EC0-301F-11D3-BF4B-00C04F79EFBC}") = "WorkoutGenerator.Console", "WorkoutGenerator.Console\WorkoutGenerator.Console.csproj", "{2A6C1E4F-7E04-4B77-9282-34C8E4A0A0D8}"
EndProject
Global
	GlobalSection(SolutionConfigurationPlatforms) = preSolution
		Debug|Any CPU = Debug|Any CPU
		Release|Any CPU = Release|Any CPU
	EndGlobalSection
	GlobalSection(ProjectConfigurationPlatforms) = postSolution
		{57122223-6051-4681-884D-AA4216C39F64}.Debug|Any CPU.ActiveCfg = Debug|Any CPU
		{57122223-6051-4681-884D-AA4216C39F64}.Debug|Any CPU.Build.0 = Debug|Any CPU
		{57122223-6051-4681-884D-AA4216C39F64}.Release|Any CPU.ActiveCfg = Release|Any CPU
		{57122223-6051-4681-884D-AA4216C39F64}.Release|Any CPU.Build.0 = Release|Any CPU
		{2A6C1E4F-7E04-4B77-9282-34C8E4A0A0D8}.Debug|Any CPU.ActiveCfg = Debug|Any CPU
		{2A6C1E4F-7E04-4B77-9282-34C8E4A0A0D8}.Debug|Any CPU.Build.0 = Debug|Any CPU
		{2A6C1E4F-7E04-4B77-9282-34C8E4A0A0D8}.Release|Any CPU.ActiveCfg = Release|Any CPU
		{2A6C1E4F-7E04-4B77-9282-34C8E4A0A0D8}.Release|Any CPU.Build.0 = Release|Any CPU
	EndGlobalSection
EndGlobal
